
Microsoft Visual Studio Solution File, Format Version 12.00
# Visual Studio Version 17
VisualStudioVersion = 17.12.35707.178 d17.12
MinimumVisualStudioVersion = 10.0.40219.1
Project("{FAE04EC0-301F-11D3-BF4B-00C04F79EFBC}") = "CodeQueue", "CodeQueue\CodeQueue.csproj", "{5D963F7C-065D-458A-BB43-25AE3FEA7F01}"
EndProject
Project("{FAE04EC0-301F-11D3-BF4B-00C04F79EFBC}") = "CodeQueue.Service", "CodeQueue.Service\CodeQueue.Service.csproj", "{88AB3F57-1FFE-4790-8442-CEA13C3DB1E5}"
EndProject
Project("{FAE04EC0-301F-11D3-BF4B-00C04F79EFBC}") = "CodeQueue.Domain", "CodeQueue.Domain\CodeQueue.Domain.csproj", "{CBA054BA-B969-499D-9177-2D7EFCD819B9}"
EndProject
Global
	GlobalSection(SolutionConfigurationPlatforms) = preSolution
		Debug|Any CPU = Debug|Any CPU
		Release|Any CPU = Release|Any CPU
	EndGlobalSection
	GlobalSection(ProjectConfigurationPlatforms) = postSolution
		{5D963F7C-065D-458A-BB43-25AE3FEA7F01}.Debug|Any CPU.ActiveCfg = Debug|Any CPU
		{5D963F7C-065D-458A-BB43-25AE3FEA7F01}.Debug|Any CPU.Build.0 = Debug|Any CPU
		{5D963F7C-065D-458A-BB43-25AE3FEA7F01}.Release|Any CPU.ActiveCfg = Release|Any CPU
		{5D963F7C-065D-458A-BB43-25AE3FEA7F01}.Release|Any CPU.Build.0 = Release|Any CPU
		{88AB3F57-1FFE-4790-8442-CEA13C3DB1E5}.Debug|Any CPU.ActiveCfg = Debug|Any CPU
		{88AB3F57-1FFE-4790-8442-CEA13C3DB1E5}.Debug|Any CPU.Build.0 = Debug|Any CPU
		{88AB3F57-1FFE-4790-8442-CEA13C3DB1E5}.Release|Any CPU.ActiveCfg = Release|Any CPU
		{88AB3F57-1FFE-4790-8442-CEA13C3DB1E5}.Release|Any CPU.Build.0 = Release|Any CPU
		{CBA054BA-B969-499D-9177-2D7EFCD819B9}.Debug|Any CPU.ActiveCfg = Debug|Any CPU
		{CBA054BA-B969-499D-9177-2D7EFCD819B9}.Debug|Any CPU.Build.0 = Debug|Any CPU
		{CBA054BA-B969-499D-9177-2D7EFCD819B9}.Release|Any CPU.ActiveCfg = Release|Any CPU
		{CBA054BA-B969-499D-9177-2D7EFCD819B9}.Release|Any CPU.Build.0 = Release|Any CPU
	EndGlobalSection
	GlobalSection(SolutionProperties) = preSolution
		HideSolutionNode = FALSE
	EndGlobalSection
EndGlobal
